
Microsoft Visual Studio Solution File, Format Version 12.00
# Visual Studio Version 16
VisualStudioVersion = 16.0.29709.97
MinimumVisualStudioVersion = 10.0.40219.1
Project("{FAE04EC0-301F-11D3-BF4B-00C04F79EFBC}") = "Proba11", "Proba11\Proba11.csproj", "{DB72613B-58B5-463C-9D73-740A6C1884AD}"
EndProject
Global
	GlobalSection(SolutionConfigurationPlatforms) = preSolution
		Debug|Any CPU = Debug|Any CPU
		Release|Any CPU = Release|Any CPU
	EndGlobalSection
	GlobalSection(ProjectConfigurationPlatforms) = postSolution
		{DB72613B-58B5-463C-9D73-740A6C1884AD}.Debug|Any CPU.ActiveCfg = Debug|Any CPU
		{DB72613B-58B5-463C-9D73-740A6C1884AD}.Debug|Any CPU.Build.0 = Debug|Any CPU
		{DB72613B-58B5-463C-9D73-740A6C1884AD}.Release|Any CPU.ActiveCfg = Release|Any CPU
		{DB72613B-58B5-463C-9D73-740A6C1884AD}.Release|Any CPU.Build.0 = Release|Any CPU
	EndGlobalSection
	GlobalSection(SolutionProperties) = preSolution
		HideSolutionNode = FALSE
	EndGlobalSection
	GlobalSection(ExtensibilityGlobals) = postSolution
		SolutionGuid = {8096128C-657E-47C9-A388-F0A4AD4B22FA}
	EndGlobalSection
EndGlobal
